
Microsoft Visual Studio Solution File, Format Version 12.00
# Visual Studio Version 16
VisualStudioVersion = 16.0.32002.261
MinimumVisualStudioVersion = 10.0.40219.1
Project("{9A19103F-16F7-4668-BE54-9A1E7A4F7556}") = "ProjO", "ProjO\ProjO.csproj", "{7787A291-A923-409E-8A1F-91468255B46D}"
EndProject
Project("{2150E333-8FDC-42A3-9474-1A3956D46DE8}") = "Solution Items", "Solution Items", "{AB4F1A91-4467-4BA1-9114-23401D700E19}"
EndProject
Global
	GlobalSection(SolutionConfigurationPlatforms) = preSolution
		Debug|Any CPU = Debug|Any CPU
		Release|Any CPU = Release|Any CPU
	EndGlobalSection
	GlobalSection(ProjectConfigurationPlatforms) = postSolution
		{7787A291-A923-409E-8A1F-91468255B46D}.Debug|Any CPU.ActiveCfg = Debug|Any CPU
		{7787A291-A923-409E-8A1F-91468255B46D}.Debug|Any CPU.Build.0 = Debug|Any CPU
		{7787A291-A923-409E-8A1F-91468255B46D}.Release|Any CPU.ActiveCfg = Release|Any CPU
		{7787A291-A923-409E-8A1F-91468255B46D}.Release|Any CPU.Build.0 = Release|Any CPU
	EndGlobalSection
	GlobalSection(SolutionProperties) = preSolution
		HideSolutionNode = FALSE
	EndGlobalSection
	GlobalSection(ExtensibilityGlobals) = postSolution
		SolutionGuid = {AD7020C8-125B-45A5-9AB6-5226E4730F60}
	EndGlobalSection
EndGlobal
