
Microsoft Visual Studio Solution File, Format Version 12.00
# Visual Studio Version 16
VisualStudioVersion = 16.0.32002.261
MinimumVisualStudioVersion = 10.0.40219.1
Project("{FAE04EC0-301F-11D3-BF4B-00C04F79EFBC}") = "ArraysAndListsChallenge", "ArraysAndListsChallenge\ArraysAndListsChallenge.csproj", "{5BF304F3-0D42-4691-9400-834CAF53CEC5}"
EndProject
Global
	GlobalSection(SolutionConfigurationPlatforms) = preSolution
		Debug|Any CPU = Debug|Any CPU
		Release|Any CPU = Release|Any CPU
	EndGlobalSection
	GlobalSection(ProjectConfigurationPlatforms) = postSolution
		{5BF304F3-0D42-4691-9400-834CAF53CEC5}.Debug|Any CPU.ActiveCfg = Debug|Any CPU
		{5BF304F3-0D42-4691-9400-834CAF53CEC5}.Debug|Any CPU.Build.0 = Debug|Any CPU
		{5BF304F3-0D42-4691-9400-834CAF53CEC5}.Release|Any CPU.ActiveCfg = Release|Any CPU
		{5BF304F3-0D42-4691-9400-834CAF53CEC5}.Release|Any CPU.Build.0 = Release|Any CPU
	EndGlobalSection
	GlobalSection(SolutionProperties) = preSolution
		HideSolutionNode = FALSE
	EndGlobalSection
	GlobalSection(ExtensibilityGlobals) = postSolution
		SolutionGuid = {53477EEF-D93B-4B09-A7E6-A32E90DFF2D1}
	EndGlobalSection
EndGlobal
